
Microsoft Visual Studio Solution File, Format Version 12.00
# Visual Studio 15
VisualStudioVersion = 15.0.28010.2046
MinimumVisualStudioVersion = 10.0.40219.1
Project("{8BC9CEB8-8B4A-11D0-8D11-00A0C91BC942}") = "idu_log_parser", "idu_log_parser\idu_log_parser.vcxproj", "{E4AB6995-838C-46C9-8CEE-3AE07AA83B5C}"
EndProject
Global
	GlobalSection(SolutionConfigurationPlatforms) = preSolution
		Debug|x64 = Debug|x64
		Debug|x86 = Debug|x86
		Release|x64 = Release|x64
		Release|x86 = Release|x86
	EndGlobalSection
	GlobalSection(ProjectConfigurationPlatforms) = postSolution
		{E4AB6995-838C-46C9-8CEE-3AE07AA83B5C}.Debug|x64.ActiveCfg = Debug|x64
		{E4AB6995-838C-46C9-8CEE-3AE07AA83B5C}.Debug|x64.Build.0 = Debug|x64
		{E4AB6995-838C-46C9-8CEE-3AE07AA83B5C}.Debug|x86.ActiveCfg = Debug|Win32
		{E4AB6995-838C-46C9-8CEE-3AE07AA83B5C}.Debug|x86.Build.0 = Debug|Win32
		{E4AB6995-838C-46C9-8CEE-3AE07AA83B5C}.Release|x64.ActiveCfg = Release|x64
		{E4AB6995-838C-46C9-8CEE-3AE07AA83B5C}.Release|x64.Build.0 = Release|x64
		{E4AB6995-838C-46C9-8CEE-3AE07AA83B5C}.Release|x86.ActiveCfg = Release|Win32
		{E4AB6995-838C-46C9-8CEE-3AE07AA83B5C}.Release|x86.Build.0 = Release|Win32
	EndGlobalSection
	GlobalSection(SolutionProperties) = preSolution
		HideSolutionNode = FALSE
	EndGlobalSection
	GlobalSection(ExtensibilityGlobals) = postSolution
		SolutionGuid = {752968F5-7E7B-4562-AA9F-2F4DB492261A}
	EndGlobalSection
EndGlobal
